
Microsoft Visual Studio Solution File, Format Version 12.00
# Visual Studio Version 16
VisualStudioVersion = 16.0.31213.239
MinimumVisualStudioVersion = 10.0.40219.1
Project("{C7167F0D-BC9F-4E6E-AFE1-012C56B48DB5}") = "WinUI-Desktop-MVVMBinding (Package)", "WinUI-Desktop-MVVMBinding\WinUI-Desktop-MVVMBinding (Package)\WinUI-Desktop-MVVMBinding (Package).wapproj", "{35F67A73-B3EF-4D4E-9A37-F86323721EBB}"
EndProject
Project("{9A19103F-16F7-4668-BE54-9A1E7A4F7556}") = "WinUI-Desktop-MVVMBinding", "WinUI-Desktop-MVVMBinding\WinUI-Desktop-MVVMBinding\WinUI-Desktop-MVVMBinding.csproj", "{640D0E84-C6F5-4B87-A6D6-04F49A40FF98}"
EndProject
Project("{C7167F0D-BC9F-4E6E-AFE1-012C56B48DB5}") = "WTS-MVVMBinding (Package)", "WTS-MVVMBinding (Package)\WTS-MVVMBinding (Package).wapproj", "{E93B4CDC-1EA1-4887-A7FE-E722FFFA8D9D}"
EndProject
Project("{9A19103F-16F7-4668-BE54-9A1E7A4F7556}") = "WTS-MVVMBinding", "WTS-MVVMBinding\WTS-MVVMBinding.csproj", "{FD748031-E6BB-4E4A-8DC8-6DD68C0A922E}"
EndProject
Project("{9A19103F-16F7-4668-BE54-9A1E7A4F7556}") = "WTS-MVVMBinding.Core", "WTS-MVVMBinding.Core\WTS-MVVMBinding.Core.csproj", "{9D81AB7C-8C28-4D46-A3BA-C5E97C7B4D88}"
EndProject
Global
	GlobalSection(SolutionConfigurationPlatforms) = preSolution
		Debug|Any CPU = Debug|Any CPU
		Debug|arm64 = Debug|arm64
		Debug|x64 = Debug|x64
		Debug|x86 = Debug|x86
		Release|Any CPU = Release|Any CPU
		Release|arm64 = Release|arm64
		Release|x64 = Release|x64
		Release|x86 = Release|x86
	EndGlobalSection
	GlobalSection(ProjectConfigurationPlatforms) = postSolution
		{35F67A73-B3EF-4D4E-9A37-F86323721EBB}.Debug|Any CPU.ActiveCfg = Debug|x86
		{35F67A73-B3EF-4D4E-9A37-F86323721EBB}.Debug|arm64.ActiveCfg = Debug|arm64
		{35F67A73-B3EF-4D4E-9A37-F86323721EBB}.Debug|arm64.Build.0 = Debug|arm64
		{35F67A73-B3EF-4D4E-9A37-F86323721EBB}.Debug|arm64.Deploy.0 = Debug|arm64
		{35F67A73-B3EF-4D4E-9A37-F86323721EBB}.Debug|x64.ActiveCfg = Debug|x64
		{35F67A73-B3EF-4D4E-9A37-F86323721EBB}.Debug|x64.Build.0 = Debug|x64
		{35F67A73-B3EF-4D4E-9A37-F86323721EBB}.Debug|x64.Deploy.0 = Debug|x64
		{35F67A73-B3EF-4D4E-9A37-F86323721EBB}.Debug|x86.ActiveCfg = Debug|x86
		{35F67A73-B3EF-4D4E-9A37-F86323721EBB}.Debug|x86.Build.0 = Debug|x86
		{35F67A73-B3EF-4D4E-9A37-F86323721EBB}.Debug|x86.Deploy.0 = Debug|x86
		{35F67A73-B3EF-4D4E-9A37-F86323721EBB}.Release|Any CPU.ActiveCfg = Release|x86
		{35F67A73-B3EF-4D4E-9A37-F86323721EBB}.Release|arm64.ActiveCfg = Release|arm64
		{35F67A73-B3EF-4D4E-9A37-F86323721EBB}.Release|arm64.Build.0 = Release|arm64
		{35F67A73-B3EF-4D4E-9A37-F86323721EBB}.Release|arm64.Deploy.0 = Release|arm64
		{35F67A73-B3EF-4D4E-9A37-F86323721EBB}.Release|x64.ActiveCfg = Release|x64
		{35F67A73-B3EF-4D4E-9A37-F86323721EBB}.Release|x64.Build.0 = Release|x64
		{35F67A73-B3EF-4D4E-9A37-F86323721EBB}.Release|x64.Deploy.0 = Release|x64
		{35F67A73-B3EF-4D4E-9A37-F86323721EBB}.Release|x86.ActiveCfg = Release|x86
		{35F67A73-B3EF-4D4E-9A37-F86323721EBB}.Release|x86.Build.0 = Release|x86
		{35F67A73-B3EF-4D4E-9A37-F86323721EBB}.Release|x86.Deploy.0 = Release|x86
		{640D0E84-C6F5-4B87-A6D6-04F49A40FF98}.Debug|Any CPU.ActiveCfg = Debug|x86
		{640D0E84-C6F5-4B87-A6D6-04F49A40FF98}.Debug|arm64.ActiveCfg = Debug|arm64
		{640D0E84-C6F5-4B87-A6D6-04F49A40FF98}.Debug|arm64.Build.0 = Debug|arm64
		{640D0E84-C6F5-4B87-A6D6-04F49A40FF98}.Debug|x64.ActiveCfg = Debug|x64
		{640D0E84-C6F5-4B87-A6D6-04F49A40FF98}.Debug|x64.Build.0 = Debug|x64
		{640D0E84-C6F5-4B87-A6D6-04F49A40FF98}.Debug|x86.ActiveCfg = Debug|x86
		{640D0E84-C6F5-4B87-A6D6-04F49A40FF98}.Debug|x86.Build.0 = Debug|x86
		{640D0E84-C6F5-4B87-A6D6-04F49A40FF98}.Release|Any CPU.ActiveCfg = Release|x86
		{640D0E84-C6F5-4B87-A6D6-04F49A40FF98}.Release|arm64.ActiveCfg = Release|arm64
		{640D0E84-C6F5-4B87-A6D6-04F49A40FF98}.Release|arm64.Build.0 = Release|arm64
		{640D0E84-C6F5-4B87-A6D6-04F49A40FF98}.Release|x64.ActiveCfg = Release|x64
		{640D0E84-C6F5-4B87-A6D6-04F49A40FF98}.Release|x64.Build.0 = Release|x64
		{640D0E84-C6F5-4B87-A6D6-04F49A40FF98}.Release|x86.ActiveCfg = Release|x86
		{640D0E84-C6F5-4B87-A6D6-04F49A40FF98}.Release|x86.Build.0 = Release|x86
		{E93B4CDC-1EA1-4887-A7FE-E722FFFA8D9D}.Debug|Any CPU.ActiveCfg = Debug|x86
		{E93B4CDC-1EA1-4887-A7FE-E722FFFA8D9D}.Debug|arm64.ActiveCfg = Debug|arm64
		{E93B4CDC-1EA1-4887-A7FE-E722FFFA8D9D}.Debug|arm64.Build.0 = Debug|arm64
		{E93B4CDC-1EA1-4887-A7FE-E722FFFA8D9D}.Debug|arm64.Deploy.0 = Debug|arm64
		{E93B4CDC-1EA1-4887-A7FE-E722FFFA8D9D}.Debug|x64.ActiveCfg = Debug|x64
		{E93B4CDC-1EA1-4887-A7FE-E722FFFA8D9D}.Debug|x64.Build.0 = Debug|x64
		{E93B4CDC-1EA1-4887-A7FE-E722FFFA8D9D}.Debug|x64.Deploy.0 = Debug|x64
		{E93B4CDC-1EA1-4887-A7FE-E722FFFA8D9D}.Debug|x86.ActiveCfg = Debug|x86
		{E93B4CDC-1EA1-4887-A7FE-E722FFFA8D9D}.Debug|x86.Build.0 = Debug|x86
		{E93B4CDC-1EA1-4887-A7FE-E722FFFA8D9D}.Debug|x86.Deploy.0 = Debug|x86
		{E93B4CDC-1EA1-4887-A7FE-E722FFFA8D9D}.Release|Any CPU.ActiveCfg = Release|x86
		{E93B4CDC-1EA1-4887-A7FE-E722FFFA8D9D}.Release|arm64.ActiveCfg = Release|arm64
		{E93B4CDC-1EA1-4887-A7FE-E722FFFA8D9D}.Release|arm64.Build.0 = Release|arm64
		{E93B4CDC-1EA1-4887-A7FE-E722FFFA8D9D}.Release|arm64.Deploy.0 = Release|arm64
		{E93B4CDC-1EA1-4887-A7FE-E722FFFA8D9D}.Release|x64.ActiveCfg = Release|x64
		{E93B4CDC-1EA1-4887-A7FE-E722FFFA8D9D}.Release|x64.Build.0 = Release|x64
		{E93B4CDC-1EA1-4887-A7FE-E722FFFA8D9D}.Release|x64.Deploy.0 = Release|x64
		{E93B4CDC-1EA1-4887-A7FE-E722FFFA8D9D}.Release|x86.ActiveCfg = Release|x86
		{E93B4CDC-1EA1-4887-A7FE-E722FFFA8D9D}.Release|x86.Build.0 = Release|x86
		{E93B4CDC-1EA1-4887-A7FE-E722FFFA8D9D}.Release|x86.Deploy.0 = Release|x86
		{FD748031-E6BB-4E4A-8DC8-6DD68C0A922E}.Debug|Any CPU.ActiveCfg = Debug|x86
		{FD748031-E6BB-4E4A-8DC8-6DD68C0A922E}.Debug|arm64.ActiveCfg = Debug|arm64
		{FD748031-E6BB-4E4A-8DC8-6DD68C0A922E}.Debug|arm64.Build.0 = Debug|arm64
		{FD748031-E6BB-4E4A-8DC8-6DD68C0A922E}.Debug|x64.ActiveCfg = Debug|x64
		{FD748031-E6BB-4E4A-8DC8-6DD68C0A922E}.Debug|x64.Build.0 = Debug|x64
		{FD748031-E6BB-4E4A-8DC8-6DD68C0A922E}.Debug|x86.ActiveCfg = Debug|x86
		{FD748031-E6BB-4E4A-8DC8-6DD68C0A922E}.Debug|x86.Build.0 = Debug|x86
		{FD748031-E6BB-4E4A-8DC8-6DD68C0A922E}.Release|Any CPU.ActiveCfg = Release|x86
		{FD748031-E6BB-4E4A-8DC8-6DD68C0A922E}.Release|arm64.ActiveCfg = Release|arm64
		{FD748031-E6BB-4E4A-8DC8-6DD68C0A922E}.Release|arm64.Build.0 = Release|arm64
		{FD748031-E6BB-4E4A-8DC8-6DD68C0A922E}.Release|x64.ActiveCfg = Release|x64
		{FD748031-E6BB-4E4A-8DC8-6DD68C0A922E}.Release|x64.Build.0 = Release|x64
		{FD748031-E6BB-4E4A-8DC8-6DD68C0A922E}.Release|x86.ActiveCfg = Release|x86
		{FD748031-E6BB-4E4A-8DC8-6DD68C0A922E}.Release|x86.Build.0 = Release|x86
		{9D81AB7C-8C28-4D46-A3BA-C5E97C7B4D88}.Debug|Any CPU.ActiveCfg = Debug|Any CPU
		{9D81AB7C-8C28-4D46-A3BA-C5E97C7B4D88}.Debug|Any CPU.Build.0 = Debug|Any CPU
		{9D81AB7C-8C28-4D46-A3BA-C5E97C7B4D88}.Debug|arm64.ActiveCfg = Debug|Any CPU
		{9D81AB7C-8C28-4D46-A3BA-C5E97C7B4D88}.Debug|arm64.Build.0 = Debug|Any CPU
		{9D81AB7C-8C28-4D46-A3BA-C5E97C7B4D88}.Debug|x64.ActiveCfg = Debug|x64
		{9D81AB7C-8C28-4D46-A3BA-C5E97C7B4D88}.Debug|x64.Build.0 = Debug|x64
		{9D81AB7C-8C28-4D46-A3BA-C5E97C7B4D88}.Debug|x86.ActiveCfg = Debug|x86
		{9D81AB7C-8C28-4D46-A3BA-C5E97C7B4D88}.Debug|x86.Build.0 = Debug|x86
		{9D81AB7C-8C28-4D46-A3BA-C5E97C7B4D88}.Release|Any CPU.ActiveCfg = Release|Any CPU
		{9D81AB7C-8C28-4D46-A3BA-C5E97C7B4D88}.Release|Any CPU.Build.0 = Release|Any CPU
		{9D81AB7C-8C28-4D46-A3BA-C5E97C7B4D88}.Release|arm64.ActiveCfg = Release|Any CPU
		{9D81AB7C-8C28-4D46-A3BA-C5E97C7B4D88}.Release|arm64.Build.0 = Release|Any CPU
		{9D81AB7C-8C28-4D46-A3BA-C5E97C7B4D88}.Release|x64.ActiveCfg = Release|x64
		{9D81AB7C-8C28-4D46-A3BA-C5E97C7B4D88}.Release|x64.Build.0 = Release|x64
		{9D81AB7C-8C28-4D46-A3BA-C5E97C7B4D88}.Release|x86.ActiveCfg = Release|x86
		{9D81AB7C-8C28-4D46-A3BA-C5E97C7B4D88}.Release|x86.Build.0 = Release|x86
	EndGlobalSection
	GlobalSection(SolutionProperties) = preSolution
		HideSolutionNode = FALSE
	EndGlobalSection
	GlobalSection(ExtensibilityGlobals) = postSolution
		SolutionGuid = {2B35C69C-86A2-4429-8DAF-40A44FC07BAE}
	EndGlobalSection
EndGlobal
