
Microsoft Visual Studio Solution File, Format Version 12.00
# Visual Studio Version 16
VisualStudioVersion = 16.0.31213.239
MinimumVisualStudioVersion = 10.0.40219.1
Project("{C7167F0D-BC9F-4E6E-AFE1-012C56B48DB5}") = "WinUI-Desktop (Package)", "WinUI-Desktop\WinUI-Desktop (Package)\WinUI-Desktop (Package).wapproj", "{EC66EBED-D7CE-4976-8068-B73D87BCD547}"
EndProject
Project("{FAE04EC0-301F-11D3-BF4B-00C04F79EFBC}") = "WinUI-Desktop", "WinUI-Desktop\WinUI-Desktop\WinUI-Desktop.csproj", "{0A2273B2-C597-4CA9-8D8D-ED2154E45B0E}"
EndProject
Project("{FAE04EC0-301F-11D3-BF4B-00C04F79EFBC}") = "Wpf-Project", "Wpf-Project\Wpf-Project.csproj", "{C809A5A1-F95D-4E65-9CA1-32367C246986}"
EndProject
Global
	GlobalSection(SolutionConfigurationPlatforms) = preSolution
		Debug|Any CPU = Debug|Any CPU
		Debug|arm64 = Debug|arm64
		Debug|x64 = Debug|x64
		Debug|x86 = Debug|x86
		Release|Any CPU = Release|Any CPU
		Release|arm64 = Release|arm64
		Release|x64 = Release|x64
		Release|x86 = Release|x86
	EndGlobalSection
	GlobalSection(ProjectConfigurationPlatforms) = postSolution
		{EC66EBED-D7CE-4976-8068-B73D87BCD547}.Debug|Any CPU.ActiveCfg = Debug|x86
		{EC66EBED-D7CE-4976-8068-B73D87BCD547}.Debug|arm64.ActiveCfg = Debug|arm64
		{EC66EBED-D7CE-4976-8068-B73D87BCD547}.Debug|arm64.Build.0 = Debug|arm64
		{EC66EBED-D7CE-4976-8068-B73D87BCD547}.Debug|arm64.Deploy.0 = Debug|arm64
		{EC66EBED-D7CE-4976-8068-B73D87BCD547}.Debug|x64.ActiveCfg = Debug|x64
		{EC66EBED-D7CE-4976-8068-B73D87BCD547}.Debug|x64.Build.0 = Debug|x64
		{EC66EBED-D7CE-4976-8068-B73D87BCD547}.Debug|x64.Deploy.0 = Debug|x64
		{EC66EBED-D7CE-4976-8068-B73D87BCD547}.Debug|x86.ActiveCfg = Debug|x86
		{EC66EBED-D7CE-4976-8068-B73D87BCD547}.Debug|x86.Build.0 = Debug|x86
		{EC66EBED-D7CE-4976-8068-B73D87BCD547}.Debug|x86.Deploy.0 = Debug|x86
		{EC66EBED-D7CE-4976-8068-B73D87BCD547}.Release|Any CPU.ActiveCfg = Release|x86
		{EC66EBED-D7CE-4976-8068-B73D87BCD547}.Release|arm64.ActiveCfg = Release|arm64
		{EC66EBED-D7CE-4976-8068-B73D87BCD547}.Release|arm64.Build.0 = Release|arm64
		{EC66EBED-D7CE-4976-8068-B73D87BCD547}.Release|arm64.Deploy.0 = Release|arm64
		{EC66EBED-D7CE-4976-8068-B73D87BCD547}.Release|x64.ActiveCfg = Release|x64
		{EC66EBED-D7CE-4976-8068-B73D87BCD547}.Release|x64.Build.0 = Release|x64
		{EC66EBED-D7CE-4976-8068-B73D87BCD547}.Release|x64.Deploy.0 = Release|x64
		{EC66EBED-D7CE-4976-8068-B73D87BCD547}.Release|x86.ActiveCfg = Release|x86
		{EC66EBED-D7CE-4976-8068-B73D87BCD547}.Release|x86.Build.0 = Release|x86
		{EC66EBED-D7CE-4976-8068-B73D87BCD547}.Release|x86.Deploy.0 = Release|x86
		{0A2273B2-C597-4CA9-8D8D-ED2154E45B0E}.Debug|Any CPU.ActiveCfg = Debug|x86
		{0A2273B2-C597-4CA9-8D8D-ED2154E45B0E}.Debug|arm64.ActiveCfg = Debug|arm64
		{0A2273B2-C597-4CA9-8D8D-ED2154E45B0E}.Debug|arm64.Build.0 = Debug|arm64
		{0A2273B2-C597-4CA9-8D8D-ED2154E45B0E}.Debug|x64.ActiveCfg = Debug|x64
		{0A2273B2-C597-4CA9-8D8D-ED2154E45B0E}.Debug|x64.Build.0 = Debug|x64
		{0A2273B2-C597-4CA9-8D8D-ED2154E45B0E}.Debug|x86.ActiveCfg = Debug|x86
		{0A2273B2-C597-4CA9-8D8D-ED2154E45B0E}.Debug|x86.Build.0 = Debug|x86
		{0A2273B2-C597-4CA9-8D8D-ED2154E45B0E}.Release|Any CPU.ActiveCfg = Release|x86
		{0A2273B2-C597-4CA9-8D8D-ED2154E45B0E}.Release|arm64.ActiveCfg = Release|arm64
		{0A2273B2-C597-4CA9-8D8D-ED2154E45B0E}.Release|arm64.Build.0 = Release|arm64
		{0A2273B2-C597-4CA9-8D8D-ED2154E45B0E}.Release|x64.ActiveCfg = Release|x64
		{0A2273B2-C597-4CA9-8D8D-ED2154E45B0E}.Release|x64.Build.0 = Release|x64
		{0A2273B2-C597-4CA9-8D8D-ED2154E45B0E}.Release|x86.ActiveCfg = Release|x86
		{0A2273B2-C597-4CA9-8D8D-ED2154E45B0E}.Release|x86.Build.0 = Release|x86
		{C809A5A1-F95D-4E65-9CA1-32367C246986}.Debug|Any CPU.ActiveCfg = Debug|Any CPU
		{C809A5A1-F95D-4E65-9CA1-32367C246986}.Debug|Any CPU.Build.0 = Debug|Any CPU
		{C809A5A1-F95D-4E65-9CA1-32367C246986}.Debug|arm64.ActiveCfg = Debug|Any CPU
		{C809A5A1-F95D-4E65-9CA1-32367C246986}.Debug|arm64.Build.0 = Debug|Any CPU
		{C809A5A1-F95D-4E65-9CA1-32367C246986}.Debug|x64.ActiveCfg = Debug|Any CPU
		{C809A5A1-F95D-4E65-9CA1-32367C246986}.Debug|x64.Build.0 = Debug|Any CPU
		{C809A5A1-F95D-4E65-9CA1-32367C246986}.Debug|x86.ActiveCfg = Debug|Any CPU
		{C809A5A1-F95D-4E65-9CA1-32367C246986}.Debug|x86.Build.0 = Debug|Any CPU
		{C809A5A1-F95D-4E65-9CA1-32367C246986}.Release|Any CPU.ActiveCfg = Release|Any CPU
		{C809A5A1-F95D-4E65-9CA1-32367C246986}.Release|Any CPU.Build.0 = Release|Any CPU
		{C809A5A1-F95D-4E65-9CA1-32367C246986}.Release|arm64.ActiveCfg = Release|Any CPU
		{C809A5A1-F95D-4E65-9CA1-32367C246986}.Release|arm64.Build.0 = Release|Any CPU
		{C809A5A1-F95D-4E65-9CA1-32367C246986}.Release|x64.ActiveCfg = Release|Any CPU
		{C809A5A1-F95D-4E65-9CA1-32367C246986}.Release|x64.Build.0 = Release|Any CPU
		{C809A5A1-F95D-4E65-9CA1-32367C246986}.Release|x86.ActiveCfg = Release|Any CPU
		{C809A5A1-F95D-4E65-9CA1-32367C246986}.Release|x86.Build.0 = Release|Any CPU
	EndGlobalSection
	GlobalSection(SolutionProperties) = preSolution
		HideSolutionNode = FALSE
	EndGlobalSection
	GlobalSection(ExtensibilityGlobals) = postSolution
		SolutionGuid = {D82C60E6-4E15-44DF-8852-433B4451CD32}
	EndGlobalSection
EndGlobal
