
Microsoft Visual Studio Solution File, Format Version 12.00
# Visual Studio Version 17
VisualStudioVersion = 17.0.31808.319
MinimumVisualStudioVersion = 10.0.40219.1
Project("{9A19103F-16F7-4668-BE54-9A1E7A4F7556}") = "CodeBehindBinding", "CodeBehindBinding\CodeBehindBinding.csproj", "{D38D2504-8479-4016-9C1A-F2BC536940A4}"
EndProject
Project("{9A19103F-16F7-4668-BE54-9A1E7A4F7556}") = "MVVMBinding", "MVVMBinding\MVVMBinding.csproj", "{06560027-89A1-41A4-9BB9-EA8206678B6F}"
EndProject
Project("{2150E333-8FDC-42A3-9474-1A3956D46DE8}") = "ProjectComparison", "ProjectComparison", "{265E1F6A-7C07-4F91-8BD6-67AD7A051D74}"
EndProject
Project("{9A19103F-16F7-4668-BE54-9A1E7A4F7556}") = "WpfApp", "ProjectComparison\WpfApp\WpfApp.csproj", "{3B2EC6BC-6059-4DE5-8365-0977D760FC30}"
EndProject
Project("{9A19103F-16F7-4668-BE54-9A1E7A4F7556}") = "WinUI-Desktop", "ProjectComparison\WinUI-Desktop\WinUI-Desktop.csproj", "{7DC8BD3B-9BF2-45D6-9242-1B3BDC1553CE}"
EndProject
Project("{FAE04EC0-301F-11D3-BF4B-00C04F79EFBC}") = "UwpApp", "ProjectComparison\UwpApp\UwpApp.csproj", "{5B50DB0B-5E14-48B2-B416-2687E8AB0110}"
EndProject
Project("{9A19103F-16F7-4668-BE54-9A1E7A4F7556}") = "WinUI.UseLiteDB", "WinUI.UseLiteDB\WinUI.UseLiteDB.csproj", "{66264FAC-B1EF-4C9C-B404-C391A17158DC}"
EndProject
Project("{9A19103F-16F7-4668-BE54-9A1E7A4F7556}") = "CameraFrames", "CameraFrames\CameraFrames\CameraFrames.csproj", "{ABA7BDC6-D65D-436A-BA6F-7438728DAFD7}"
EndProject
Project("{9A19103F-16F7-4668-BE54-9A1E7A4F7556}") = "SpeechAndTTS", "SpeechAndTTS\SpeechAndTTS.csproj", "{554735E5-0DD0-4A63-A850-5D5250DFA98E}"
EndProject
Project("{9A19103F-16F7-4668-BE54-9A1E7A4F7556}") = "SpeechAndTTSByNav", "SpeechAndTTSByNav\SpeechAndTTSByNav.csproj", "{0546DC46-9178-4369-9BDA-84DB3D43B1BE}"
EndProject
Project("{9A19103F-16F7-4668-BE54-9A1E7A4F7556}") = "SpeechAndTTSByNav.Core", "SpeechAndTTSByNav.Core\SpeechAndTTSByNav.Core.csproj", "{916905A2-A65D-4594-BE2E-428BC862D470}"
EndProject
Project("{9A19103F-16F7-4668-BE54-9A1E7A4F7556}") = "RainDayForWASDK", "RainDayForWASDK\RainDayForWASDK.csproj", "{CE42A763-7524-4016-AB59-5506AEDD5CE5}"
EndProject
Project("{9A19103F-16F7-4668-BE54-9A1E7A4F7556}") = "GamepadController", "GamepadController\GamepadController.csproj", "{D6DC3054-45C1-4916-B579-9630DA2D9EBA}"
EndProject
Project("{9A19103F-16F7-4668-BE54-9A1E7A4F7556}") = "MediaPipe.GestureClassification", "MediaPipe.GestureClassification\MediaPipe.GestureClassification.csproj", "{54BFFF43-7ED1-4E44-8049-C9652C3861C7}"
EndProject
Project("{9A19103F-16F7-4668-BE54-9A1E7A4F7556}") = "Mediapipe.Net", "Mediapipe.Net\Mediapipe.Net.csproj", "{0F6D497C-44DE-4BAB-8F22-94122C74B96B}"
EndProject
Project("{9A19103F-16F7-4668-BE54-9A1E7A4F7556}") = "GestureClassification", "GestureClassification\GestureClassification.csproj", "{0F8C7AD9-50C3-45F7-A4D7-1B291719C52A}"
EndProject
Project("{2150E333-8FDC-42A3-9474-1A3956D46DE8}") = "HandMediaPipe", "HandMediaPipe", "{9E3561FB-473B-49FE-9238-BD5547252498}"
EndProject
Project("{9A19103F-16F7-4668-BE54-9A1E7A4F7556}") = "CompactOverlayWindow", "CompactOverlayWindow\CompactOverlayWindow.csproj", "{82EB6258-234C-4504-BF9D-834B008FF3F5}"
EndProject
Project("{9A19103F-16F7-4668-BE54-9A1E7A4F7556}") = "CompactOverlayWindow.Core", "CompactOverlayWindow.Core\CompactOverlayWindow.Core.csproj", "{92B0097E-3913-42E5-94C6-7007A42A5E7F}"
EndProject
Project("{9A19103F-16F7-4668-BE54-9A1E7A4F7556}") = "ModelViewer", "ModelViewer\ModelViewer.csproj", "{F34C380D-59DC-49F0-915F-1B046C001135}"
EndProject
Project("{9A19103F-16F7-4668-BE54-9A1E7A4F7556}") = "ModelViewer.Core", "ModelViewer.Core\ModelViewer.Core.csproj", "{C1ECE4E8-74CB-44C6-A51A-66C194ABDF9A}"
EndProject
Global
	GlobalSection(SolutionConfigurationPlatforms) = preSolution
		Debug|Any CPU = Debug|Any CPU
		Debug|ARM = Debug|ARM
		Debug|arm64 = Debug|arm64
		Debug|x64 = Debug|x64
		Debug|x86 = Debug|x86
		Release|Any CPU = Release|Any CPU
		Release|ARM = Release|ARM
		Release|arm64 = Release|arm64
		Release|x64 = Release|x64
		Release|x86 = Release|x86
	EndGlobalSection
	GlobalSection(ProjectConfigurationPlatforms) = postSolution
		{D38D2504-8479-4016-9C1A-F2BC536940A4}.Debug|Any CPU.ActiveCfg = Debug|x64
		{D38D2504-8479-4016-9C1A-F2BC536940A4}.Debug|Any CPU.Build.0 = Debug|x64
		{D38D2504-8479-4016-9C1A-F2BC536940A4}.Debug|Any CPU.Deploy.0 = Debug|x64
		{D38D2504-8479-4016-9C1A-F2BC536940A4}.Debug|ARM.ActiveCfg = Debug|x64
		{D38D2504-8479-4016-9C1A-F2BC536940A4}.Debug|ARM.Build.0 = Debug|x64
		{D38D2504-8479-4016-9C1A-F2BC536940A4}.Debug|ARM.Deploy.0 = Debug|x64
		{D38D2504-8479-4016-9C1A-F2BC536940A4}.Debug|arm64.ActiveCfg = Debug|arm64
		{D38D2504-8479-4016-9C1A-F2BC536940A4}.Debug|arm64.Build.0 = Debug|arm64
		{D38D2504-8479-4016-9C1A-F2BC536940A4}.Debug|x64.ActiveCfg = Debug|x64
		{D38D2504-8479-4016-9C1A-F2BC536940A4}.Debug|x64.Build.0 = Debug|x64
		{D38D2504-8479-4016-9C1A-F2BC536940A4}.Debug|x64.Deploy.0 = Debug|x64
		{D38D2504-8479-4016-9C1A-F2BC536940A4}.Debug|x86.ActiveCfg = Debug|x64
		{D38D2504-8479-4016-9C1A-F2BC536940A4}.Debug|x86.Build.0 = Debug|x64
		{D38D2504-8479-4016-9C1A-F2BC536940A4}.Debug|x86.Deploy.0 = Debug|x64
		{D38D2504-8479-4016-9C1A-F2BC536940A4}.Release|Any CPU.ActiveCfg = Release|x64
		{D38D2504-8479-4016-9C1A-F2BC536940A4}.Release|Any CPU.Build.0 = Release|x64
		{D38D2504-8479-4016-9C1A-F2BC536940A4}.Release|Any CPU.Deploy.0 = Release|x64
		{D38D2504-8479-4016-9C1A-F2BC536940A4}.Release|ARM.ActiveCfg = Release|x64
		{D38D2504-8479-4016-9C1A-F2BC536940A4}.Release|ARM.Build.0 = Release|x64
		{D38D2504-8479-4016-9C1A-F2BC536940A4}.Release|ARM.Deploy.0 = Release|x64
		{D38D2504-8479-4016-9C1A-F2BC536940A4}.Release|arm64.ActiveCfg = Release|arm64
		{D38D2504-8479-4016-9C1A-F2BC536940A4}.Release|arm64.Build.0 = Release|arm64
		{D38D2504-8479-4016-9C1A-F2BC536940A4}.Release|x64.ActiveCfg = Release|x64
		{D38D2504-8479-4016-9C1A-F2BC536940A4}.Release|x64.Build.0 = Release|x64
		{D38D2504-8479-4016-9C1A-F2BC536940A4}.Release|x86.ActiveCfg = Release|x86
		{D38D2504-8479-4016-9C1A-F2BC536940A4}.Release|x86.Build.0 = Release|x86
		{06560027-89A1-41A4-9BB9-EA8206678B6F}.Debug|Any CPU.ActiveCfg = Debug|x64
		{06560027-89A1-41A4-9BB9-EA8206678B6F}.Debug|Any CPU.Build.0 = Debug|x64
		{06560027-89A1-41A4-9BB9-EA8206678B6F}.Debug|Any CPU.Deploy.0 = Debug|x64
		{06560027-89A1-41A4-9BB9-EA8206678B6F}.Debug|ARM.ActiveCfg = Debug|x64
		{06560027-89A1-41A4-9BB9-EA8206678B6F}.Debug|ARM.Build.0 = Debug|x64
		{06560027-89A1-41A4-9BB9-EA8206678B6F}.Debug|ARM.Deploy.0 = Debug|x64
		{06560027-89A1-41A4-9BB9-EA8206678B6F}.Debug|arm64.ActiveCfg = Debug|arm64
		{06560027-89A1-41A4-9BB9-EA8206678B6F}.Debug|arm64.Build.0 = Debug|arm64
		{06560027-89A1-41A4-9BB9-EA8206678B6F}.Debug|x64.ActiveCfg = Debug|x64
		{06560027-89A1-41A4-9BB9-EA8206678B6F}.Debug|x64.Build.0 = Debug|x64
		{06560027-89A1-41A4-9BB9-EA8206678B6F}.Debug|x64.Deploy.0 = Debug|x64
		{06560027-89A1-41A4-9BB9-EA8206678B6F}.Debug|x86.ActiveCfg = Debug|x64
		{06560027-89A1-41A4-9BB9-EA8206678B6F}.Debug|x86.Build.0 = Debug|x64
		{06560027-89A1-41A4-9BB9-EA8206678B6F}.Debug|x86.Deploy.0 = Debug|x64
		{06560027-89A1-41A4-9BB9-EA8206678B6F}.Release|Any CPU.ActiveCfg = Release|x64
		{06560027-89A1-41A4-9BB9-EA8206678B6F}.Release|Any CPU.Build.0 = Release|x64
		{06560027-89A1-41A4-9BB9-EA8206678B6F}.Release|Any CPU.Deploy.0 = Release|x64
		{06560027-89A1-41A4-9BB9-EA8206678B6F}.Release|ARM.ActiveCfg = Release|x64
		{06560027-89A1-41A4-9BB9-EA8206678B6F}.Release|ARM.Build.0 = Release|x64
		{06560027-89A1-41A4-9BB9-EA8206678B6F}.Release|ARM.Deploy.0 = Release|x64
		{06560027-89A1-41A4-9BB9-EA8206678B6F}.Release|arm64.ActiveCfg = Release|arm64
		{06560027-89A1-41A4-9BB9-EA8206678B6F}.Release|arm64.Build.0 = Release|arm64
		{06560027-89A1-41A4-9BB9-EA8206678B6F}.Release|x64.ActiveCfg = Release|x64
		{06560027-89A1-41A4-9BB9-EA8206678B6F}.Release|x64.Build.0 = Release|x64
		{06560027-89A1-41A4-9BB9-EA8206678B6F}.Release|x86.ActiveCfg = Release|x86
		{06560027-89A1-41A4-9BB9-EA8206678B6F}.Release|x86.Build.0 = Release|x86
		{3B2EC6BC-6059-4DE5-8365-0977D760FC30}.Debug|Any CPU.ActiveCfg = Debug|Any CPU
		{3B2EC6BC-6059-4DE5-8365-0977D760FC30}.Debug|Any CPU.Build.0 = Debug|Any CPU
		{3B2EC6BC-6059-4DE5-8365-0977D760FC30}.Debug|ARM.ActiveCfg = Debug|Any CPU
		{3B2EC6BC-6059-4DE5-8365-0977D760FC30}.Debug|ARM.Build.0 = Debug|Any CPU
		{3B2EC6BC-6059-4DE5-8365-0977D760FC30}.Debug|arm64.ActiveCfg = Debug|Any CPU
		{3B2EC6BC-6059-4DE5-8365-0977D760FC30}.Debug|arm64.Build.0 = Debug|Any CPU
		{3B2EC6BC-6059-4DE5-8365-0977D760FC30}.Debug|x64.ActiveCfg = Debug|Any CPU
		{3B2EC6BC-6059-4DE5-8365-0977D760FC30}.Debug|x64.Build.0 = Debug|Any CPU
		{3B2EC6BC-6059-4DE5-8365-0977D760FC30}.Debug|x86.ActiveCfg = Debug|Any CPU
		{3B2EC6BC-6059-4DE5-8365-0977D760FC30}.Debug|x86.Build.0 = Debug|Any CPU
		{3B2EC6BC-6059-4DE5-8365-0977D760FC30}.Release|Any CPU.ActiveCfg = Release|Any CPU
		{3B2EC6BC-6059-4DE5-8365-0977D760FC30}.Release|Any CPU.Build.0 = Release|Any CPU
		{3B2EC6BC-6059-4DE5-8365-0977D760FC30}.Release|ARM.ActiveCfg = Release|Any CPU
		{3B2EC6BC-6059-4DE5-8365-0977D760FC30}.Release|ARM.Build.0 = Release|Any CPU
		{3B2EC6BC-6059-4DE5-8365-0977D760FC30}.Release|arm64.ActiveCfg = Release|Any CPU
		{3B2EC6BC-6059-4DE5-8365-0977D760FC30}.Release|arm64.Build.0 = Release|Any CPU
		{3B2EC6BC-6059-4DE5-8365-0977D760FC30}.Release|x64.ActiveCfg = Release|Any CPU
		{3B2EC6BC-6059-4DE5-8365-0977D760FC30}.Release|x64.Build.0 = Release|Any CPU
		{3B2EC6BC-6059-4DE5-8365-0977D760FC30}.Release|x86.ActiveCfg = Release|Any CPU
		{3B2EC6BC-6059-4DE5-8365-0977D760FC30}.Release|x86.Build.0 = Release|Any CPU
		{7DC8BD3B-9BF2-45D6-9242-1B3BDC1553CE}.Debug|Any CPU.ActiveCfg = Debug|x64
		{7DC8BD3B-9BF2-45D6-9242-1B3BDC1553CE}.Debug|Any CPU.Build.0 = Debug|x64
		{7DC8BD3B-9BF2-45D6-9242-1B3BDC1553CE}.Debug|ARM.ActiveCfg = Debug|x64
		{7DC8BD3B-9BF2-45D6-9242-1B3BDC1553CE}.Debug|ARM.Build.0 = Debug|x64
		{7DC8BD3B-9BF2-45D6-9242-1B3BDC1553CE}.Debug|ARM.Deploy.0 = Debug|x64
		{7DC8BD3B-9BF2-45D6-9242-1B3BDC1553CE}.Debug|arm64.ActiveCfg = Debug|arm64
		{7DC8BD3B-9BF2-45D6-9242-1B3BDC1553CE}.Debug|arm64.Build.0 = Debug|arm64
		{7DC8BD3B-9BF2-45D6-9242-1B3BDC1553CE}.Debug|x64.ActiveCfg = Debug|x64
		{7DC8BD3B-9BF2-45D6-9242-1B3BDC1553CE}.Debug|x64.Build.0 = Debug|x64
		{7DC8BD3B-9BF2-45D6-9242-1B3BDC1553CE}.Debug|x64.Deploy.0 = Debug|x64
		{7DC8BD3B-9BF2-45D6-9242-1B3BDC1553CE}.Debug|x86.ActiveCfg = Debug|x86
		{7DC8BD3B-9BF2-45D6-9242-1B3BDC1553CE}.Debug|x86.Build.0 = Debug|x86
		{7DC8BD3B-9BF2-45D6-9242-1B3BDC1553CE}.Debug|x86.Deploy.0 = Debug|x86
		{7DC8BD3B-9BF2-45D6-9242-1B3BDC1553CE}.Release|Any CPU.ActiveCfg = Release|x64
		{7DC8BD3B-9BF2-45D6-9242-1B3BDC1553CE}.Release|Any CPU.Build.0 = Release|x64
		{7DC8BD3B-9BF2-45D6-9242-1B3BDC1553CE}.Release|ARM.ActiveCfg = Release|x64
		{7DC8BD3B-9BF2-45D6-9242-1B3BDC1553CE}.Release|ARM.Build.0 = Release|x64
		{7DC8BD3B-9BF2-45D6-9242-1B3BDC1553CE}.Release|ARM.Deploy.0 = Release|x64
		{7DC8BD3B-9BF2-45D6-9242-1B3BDC1553CE}.Release|arm64.ActiveCfg = Release|arm64
		{7DC8BD3B-9BF2-45D6-9242-1B3BDC1553CE}.Release|arm64.Build.0 = Release|arm64
		{7DC8BD3B-9BF2-45D6-9242-1B3BDC1553CE}.Release|x64.ActiveCfg = Release|x64
		{7DC8BD3B-9BF2-45D6-9242-1B3BDC1553CE}.Release|x64.Build.0 = Release|x64
		{7DC8BD3B-9BF2-45D6-9242-1B3BDC1553CE}.Release|x86.ActiveCfg = Release|x86
		{7DC8BD3B-9BF2-45D6-9242-1B3BDC1553CE}.Release|x86.Build.0 = Release|x86
		{5B50DB0B-5E14-48B2-B416-2687E8AB0110}.Debug|Any CPU.ActiveCfg = Debug|x64
		{5B50DB0B-5E14-48B2-B416-2687E8AB0110}.Debug|Any CPU.Build.0 = Debug|x64
		{5B50DB0B-5E14-48B2-B416-2687E8AB0110}.Debug|Any CPU.Deploy.0 = Debug|x64
		{5B50DB0B-5E14-48B2-B416-2687E8AB0110}.Debug|ARM.ActiveCfg = Debug|ARM
		{5B50DB0B-5E14-48B2-B416-2687E8AB0110}.Debug|ARM.Build.0 = Debug|ARM
		{5B50DB0B-5E14-48B2-B416-2687E8AB0110}.Debug|ARM.Deploy.0 = Debug|ARM
		{5B50DB0B-5E14-48B2-B416-2687E8AB0110}.Debug|arm64.ActiveCfg = Debug|ARM64
		{5B50DB0B-5E14-48B2-B416-2687E8AB0110}.Debug|arm64.Build.0 = Debug|ARM64
		{5B50DB0B-5E14-48B2-B416-2687E8AB0110}.Debug|arm64.Deploy.0 = Debug|ARM64
		{5B50DB0B-5E14-48B2-B416-2687E8AB0110}.Debug|x64.ActiveCfg = Debug|x64
		{5B50DB0B-5E14-48B2-B416-2687E8AB0110}.Debug|x64.Build.0 = Debug|x64
		{5B50DB0B-5E14-48B2-B416-2687E8AB0110}.Debug|x64.Deploy.0 = Debug|x64
		{5B50DB0B-5E14-48B2-B416-2687E8AB0110}.Debug|x86.ActiveCfg = Debug|x86
		{5B50DB0B-5E14-48B2-B416-2687E8AB0110}.Debug|x86.Build.0 = Debug|x86
		{5B50DB0B-5E14-48B2-B416-2687E8AB0110}.Debug|x86.Deploy.0 = Debug|x86
		{5B50DB0B-5E14-48B2-B416-2687E8AB0110}.Release|Any CPU.ActiveCfg = Release|x64
		{5B50DB0B-5E14-48B2-B416-2687E8AB0110}.Release|Any CPU.Build.0 = Release|x64
		{5B50DB0B-5E14-48B2-B416-2687E8AB0110}.Release|Any CPU.Deploy.0 = Release|x64
		{5B50DB0B-5E14-48B2-B416-2687E8AB0110}.Release|ARM.ActiveCfg = Release|ARM
		{5B50DB0B-5E14-48B2-B416-2687E8AB0110}.Release|ARM.Build.0 = Release|ARM
		{5B50DB0B-5E14-48B2-B416-2687E8AB0110}.Release|ARM.Deploy.0 = Release|ARM
		{5B50DB0B-5E14-48B2-B416-2687E8AB0110}.Release|arm64.ActiveCfg = Release|ARM64
		{5B50DB0B-5E14-48B2-B416-2687E8AB0110}.Release|arm64.Build.0 = Release|ARM64
		{5B50DB0B-5E14-48B2-B416-2687E8AB0110}.Release|arm64.Deploy.0 = Release|ARM64
		{5B50DB0B-5E14-48B2-B416-2687E8AB0110}.Release|x64.ActiveCfg = Release|x64
		{5B50DB0B-5E14-48B2-B416-2687E8AB0110}.Release|x64.Build.0 = Release|x64
		{5B50DB0B-5E14-48B2-B416-2687E8AB0110}.Release|x64.Deploy.0 = Release|x64
		{5B50DB0B-5E14-48B2-B416-2687E8AB0110}.Release|x86.ActiveCfg = Release|x86
		{5B50DB0B-5E14-48B2-B416-2687E8AB0110}.Release|x86.Build.0 = Release|x86
		{5B50DB0B-5E14-48B2-B416-2687E8AB0110}.Release|x86.Deploy.0 = Release|x86
		{66264FAC-B1EF-4C9C-B404-C391A17158DC}.Debug|Any CPU.ActiveCfg = Debug|x64
		{66264FAC-B1EF-4C9C-B404-C391A17158DC}.Debug|Any CPU.Build.0 = Debug|x64
		{66264FAC-B1EF-4C9C-B404-C391A17158DC}.Debug|Any CPU.Deploy.0 = Debug|x64
		{66264FAC-B1EF-4C9C-B404-C391A17158DC}.Debug|ARM.ActiveCfg = Debug|x64
		{66264FAC-B1EF-4C9C-B404-C391A17158DC}.Debug|ARM.Build.0 = Debug|x64
		{66264FAC-B1EF-4C9C-B404-C391A17158DC}.Debug|ARM.Deploy.0 = Debug|x64
		{66264FAC-B1EF-4C9C-B404-C391A17158DC}.Debug|arm64.ActiveCfg = Debug|arm64
		{66264FAC-B1EF-4C9C-B404-C391A17158DC}.Debug|arm64.Build.0 = Debug|arm64
		{66264FAC-B1EF-4C9C-B404-C391A17158DC}.Debug|arm64.Deploy.0 = Debug|arm64
		{66264FAC-B1EF-4C9C-B404-C391A17158DC}.Debug|x64.ActiveCfg = Debug|x64
		{66264FAC-B1EF-4C9C-B404-C391A17158DC}.Debug|x64.Build.0 = Debug|x64
		{66264FAC-B1EF-4C9C-B404-C391A17158DC}.Debug|x64.Deploy.0 = Debug|x64
		{66264FAC-B1EF-4C9C-B404-C391A17158DC}.Debug|x86.ActiveCfg = Debug|x86
		{66264FAC-B1EF-4C9C-B404-C391A17158DC}.Debug|x86.Build.0 = Debug|x86
		{66264FAC-B1EF-4C9C-B404-C391A17158DC}.Debug|x86.Deploy.0 = Debug|x86
		{66264FAC-B1EF-4C9C-B404-C391A17158DC}.Release|Any CPU.ActiveCfg = Release|x64
		{66264FAC-B1EF-4C9C-B404-C391A17158DC}.Release|Any CPU.Build.0 = Release|x64
		{66264FAC-B1EF-4C9C-B404-C391A17158DC}.Release|Any CPU.Deploy.0 = Release|x64
		{66264FAC-B1EF-4C9C-B404-C391A17158DC}.Release|ARM.ActiveCfg = Release|x64
		{66264FAC-B1EF-4C9C-B404-C391A17158DC}.Release|ARM.Build.0 = Release|x64
		{66264FAC-B1EF-4C9C-B404-C391A17158DC}.Release|ARM.Deploy.0 = Release|x64
		{66264FAC-B1EF-4C9C-B404-C391A17158DC}.Release|arm64.ActiveCfg = Release|arm64
		{66264FAC-B1EF-4C9C-B404-C391A17158DC}.Release|arm64.Build.0 = Release|arm64
		{66264FAC-B1EF-4C9C-B404-C391A17158DC}.Release|arm64.Deploy.0 = Release|arm64
		{66264FAC-B1EF-4C9C-B404-C391A17158DC}.Release|x64.ActiveCfg = Release|x64
		{66264FAC-B1EF-4C9C-B404-C391A17158DC}.Release|x64.Build.0 = Release|x64
		{66264FAC-B1EF-4C9C-B404-C391A17158DC}.Release|x64.Deploy.0 = Release|x64
		{66264FAC-B1EF-4C9C-B404-C391A17158DC}.Release|x86.ActiveCfg = Release|x86
		{66264FAC-B1EF-4C9C-B404-C391A17158DC}.Release|x86.Build.0 = Release|x86
		{66264FAC-B1EF-4C9C-B404-C391A17158DC}.Release|x86.Deploy.0 = Release|x86
		{ABA7BDC6-D65D-436A-BA6F-7438728DAFD7}.Debug|Any CPU.ActiveCfg = Debug|x64
		{ABA7BDC6-D65D-436A-BA6F-7438728DAFD7}.Debug|Any CPU.Build.0 = Debug|x64
		{ABA7BDC6-D65D-436A-BA6F-7438728DAFD7}.Debug|Any CPU.Deploy.0 = Debug|x64
		{ABA7BDC6-D65D-436A-BA6F-7438728DAFD7}.Debug|ARM.ActiveCfg = Debug|x64
		{ABA7BDC6-D65D-436A-BA6F-7438728DAFD7}.Debug|ARM.Build.0 = Debug|x64
		{ABA7BDC6-D65D-436A-BA6F-7438728DAFD7}.Debug|ARM.Deploy.0 = Debug|x64
		{ABA7BDC6-D65D-436A-BA6F-7438728DAFD7}.Debug|arm64.ActiveCfg = Debug|arm64
		{ABA7BDC6-D65D-436A-BA6F-7438728DAFD7}.Debug|arm64.Build.0 = Debug|arm64
		{ABA7BDC6-D65D-436A-BA6F-7438728DAFD7}.Debug|arm64.Deploy.0 = Debug|arm64
		{ABA7BDC6-D65D-436A-BA6F-7438728DAFD7}.Debug|x64.ActiveCfg = Debug|x64
		{ABA7BDC6-D65D-436A-BA6F-7438728DAFD7}.Debug|x64.Build.0 = Debug|x64
		{ABA7BDC6-D65D-436A-BA6F-7438728DAFD7}.Debug|x64.Deploy.0 = Debug|x64
		{ABA7BDC6-D65D-436A-BA6F-7438728DAFD7}.Debug|x86.ActiveCfg = Debug|x86
		{ABA7BDC6-D65D-436A-BA6F-7438728DAFD7}.Debug|x86.Build.0 = Debug|x86
		{ABA7BDC6-D65D-436A-BA6F-7438728DAFD7}.Debug|x86.Deploy.0 = Debug|x86
		{ABA7BDC6-D65D-436A-BA6F-7438728DAFD7}.Release|Any CPU.ActiveCfg = Release|x64
		{ABA7BDC6-D65D-436A-BA6F-7438728DAFD7}.Release|Any CPU.Build.0 = Release|x64
		{ABA7BDC6-D65D-436A-BA6F-7438728DAFD7}.Release|Any CPU.Deploy.0 = Release|x64
		{ABA7BDC6-D65D-436A-BA6F-7438728DAFD7}.Release|ARM.ActiveCfg = Release|x64
		{ABA7BDC6-D65D-436A-BA6F-7438728DAFD7}.Release|ARM.Build.0 = Release|x64
		{ABA7BDC6-D65D-436A-BA6F-7438728DAFD7}.Release|ARM.Deploy.0 = Release|x64
		{ABA7BDC6-D65D-436A-BA6F-7438728DAFD7}.Release|arm64.ActiveCfg = Release|arm64
		{ABA7BDC6-D65D-436A-BA6F-7438728DAFD7}.Release|arm64.Build.0 = Release|arm64
		{ABA7BDC6-D65D-436A-BA6F-7438728DAFD7}.Release|arm64.Deploy.0 = Release|arm64
		{ABA7BDC6-D65D-436A-BA6F-7438728DAFD7}.Release|x64.ActiveCfg = Release|x64
		{ABA7BDC6-D65D-436A-BA6F-7438728DAFD7}.Release|x64.Build.0 = Release|x64
		{ABA7BDC6-D65D-436A-BA6F-7438728DAFD7}.Release|x64.Deploy.0 = Release|x64
		{ABA7BDC6-D65D-436A-BA6F-7438728DAFD7}.Release|x86.ActiveCfg = Release|x86
		{ABA7BDC6-D65D-436A-BA6F-7438728DAFD7}.Release|x86.Build.0 = Release|x86
		{ABA7BDC6-D65D-436A-BA6F-7438728DAFD7}.Release|x86.Deploy.0 = Release|x86
		{554735E5-0DD0-4A63-A850-5D5250DFA98E}.Debug|Any CPU.ActiveCfg = Debug|x64
		{554735E5-0DD0-4A63-A850-5D5250DFA98E}.Debug|Any CPU.Build.0 = Debug|x64
		{554735E5-0DD0-4A63-A850-5D5250DFA98E}.Debug|Any CPU.Deploy.0 = Debug|x64
		{554735E5-0DD0-4A63-A850-5D5250DFA98E}.Debug|ARM.ActiveCfg = Debug|x64
		{554735E5-0DD0-4A63-A850-5D5250DFA98E}.Debug|ARM.Build.0 = Debug|x64
		{554735E5-0DD0-4A63-A850-5D5250DFA98E}.Debug|ARM.Deploy.0 = Debug|x64
		{554735E5-0DD0-4A63-A850-5D5250DFA98E}.Debug|arm64.ActiveCfg = Debug|arm64
		{554735E5-0DD0-4A63-A850-5D5250DFA98E}.Debug|arm64.Build.0 = Debug|arm64
		{554735E5-0DD0-4A63-A850-5D5250DFA98E}.Debug|arm64.Deploy.0 = Debug|arm64
		{554735E5-0DD0-4A63-A850-5D5250DFA98E}.Debug|x64.ActiveCfg = Debug|x64
		{554735E5-0DD0-4A63-A850-5D5250DFA98E}.Debug|x64.Build.0 = Debug|x64
		{554735E5-0DD0-4A63-A850-5D5250DFA98E}.Debug|x64.Deploy.0 = Debug|x64
		{554735E5-0DD0-4A63-A850-5D5250DFA98E}.Debug|x86.ActiveCfg = Debug|x86
		{554735E5-0DD0-4A63-A850-5D5250DFA98E}.Debug|x86.Build.0 = Debug|x86
		{554735E5-0DD0-4A63-A850-5D5250DFA98E}.Debug|x86.Deploy.0 = Debug|x86
		{554735E5-0DD0-4A63-A850-5D5250DFA98E}.Release|Any CPU.ActiveCfg = Release|x64
		{554735E5-0DD0-4A63-A850-5D5250DFA98E}.Release|Any CPU.Build.0 = Release|x64
		{554735E5-0DD0-4A63-A850-5D5250DFA98E}.Release|Any CPU.Deploy.0 = Release|x64
		{554735E5-0DD0-4A63-A850-5D5250DFA98E}.Release|ARM.ActiveCfg = Release|x64
		{554735E5-0DD0-4A63-A850-5D5250DFA98E}.Release|ARM.Build.0 = Release|x64
		{554735E5-0DD0-4A63-A850-5D5250DFA98E}.Release|ARM.Deploy.0 = Release|x64
		{554735E5-0DD0-4A63-A850-5D5250DFA98E}.Release|arm64.ActiveCfg = Release|arm64
		{554735E5-0DD0-4A63-A850-5D5250DFA98E}.Release|arm64.Build.0 = Release|arm64
		{554735E5-0DD0-4A63-A850-5D5250DFA98E}.Release|arm64.Deploy.0 = Release|arm64
		{554735E5-0DD0-4A63-A850-5D5250DFA98E}.Release|x64.ActiveCfg = Release|x64
		{554735E5-0DD0-4A63-A850-5D5250DFA98E}.Release|x64.Build.0 = Release|x64
		{554735E5-0DD0-4A63-A850-5D5250DFA98E}.Release|x64.Deploy.0 = Release|x64
		{554735E5-0DD0-4A63-A850-5D5250DFA98E}.Release|x86.ActiveCfg = Release|x86
		{554735E5-0DD0-4A63-A850-5D5250DFA98E}.Release|x86.Build.0 = Release|x86
		{554735E5-0DD0-4A63-A850-5D5250DFA98E}.Release|x86.Deploy.0 = Release|x86
		{0546DC46-9178-4369-9BDA-84DB3D43B1BE}.Debug|Any CPU.ActiveCfg = Debug|x64
		{0546DC46-9178-4369-9BDA-84DB3D43B1BE}.Debug|Any CPU.Build.0 = Debug|x64
		{0546DC46-9178-4369-9BDA-84DB3D43B1BE}.Debug|Any CPU.Deploy.0 = Debug|x64
		{0546DC46-9178-4369-9BDA-84DB3D43B1BE}.Debug|ARM.ActiveCfg = Debug|x64
		{0546DC46-9178-4369-9BDA-84DB3D43B1BE}.Debug|ARM.Build.0 = Debug|x64
		{0546DC46-9178-4369-9BDA-84DB3D43B1BE}.Debug|ARM.Deploy.0 = Debug|x64
		{0546DC46-9178-4369-9BDA-84DB3D43B1BE}.Debug|arm64.ActiveCfg = Debug|arm64
		{0546DC46-9178-4369-9BDA-84DB3D43B1BE}.Debug|arm64.Build.0 = Debug|arm64
		{0546DC46-9178-4369-9BDA-84DB3D43B1BE}.Debug|arm64.Deploy.0 = Debug|arm64
		{0546DC46-9178-4369-9BDA-84DB3D43B1BE}.Debug|x64.ActiveCfg = Debug|x64
		{0546DC46-9178-4369-9BDA-84DB3D43B1BE}.Debug|x64.Build.0 = Debug|x64
		{0546DC46-9178-4369-9BDA-84DB3D43B1BE}.Debug|x64.Deploy.0 = Debug|x64
		{0546DC46-9178-4369-9BDA-84DB3D43B1BE}.Debug|x86.ActiveCfg = Debug|x86
		{0546DC46-9178-4369-9BDA-84DB3D43B1BE}.Debug|x86.Build.0 = Debug|x86
		{0546DC46-9178-4369-9BDA-84DB3D43B1BE}.Debug|x86.Deploy.0 = Debug|x86
		{0546DC46-9178-4369-9BDA-84DB3D43B1BE}.Release|Any CPU.ActiveCfg = Release|x64
		{0546DC46-9178-4369-9BDA-84DB3D43B1BE}.Release|Any CPU.Build.0 = Release|x64
		{0546DC46-9178-4369-9BDA-84DB3D43B1BE}.Release|Any CPU.Deploy.0 = Release|x64
		{0546DC46-9178-4369-9BDA-84DB3D43B1BE}.Release|ARM.ActiveCfg = Release|x64
		{0546DC46-9178-4369-9BDA-84DB3D43B1BE}.Release|ARM.Build.0 = Release|x64
		{0546DC46-9178-4369-9BDA-84DB3D43B1BE}.Release|ARM.Deploy.0 = Release|x64
		{0546DC46-9178-4369-9BDA-84DB3D43B1BE}.Release|arm64.ActiveCfg = Release|arm64
		{0546DC46-9178-4369-9BDA-84DB3D43B1BE}.Release|arm64.Build.0 = Release|arm64
		{0546DC46-9178-4369-9BDA-84DB3D43B1BE}.Release|arm64.Deploy.0 = Release|arm64
		{0546DC46-9178-4369-9BDA-84DB3D43B1BE}.Release|x64.ActiveCfg = Release|x64
		{0546DC46-9178-4369-9BDA-84DB3D43B1BE}.Release|x64.Build.0 = Release|x64
		{0546DC46-9178-4369-9BDA-84DB3D43B1BE}.Release|x64.Deploy.0 = Release|x64
		{0546DC46-9178-4369-9BDA-84DB3D43B1BE}.Release|x86.ActiveCfg = Release|x86
		{0546DC46-9178-4369-9BDA-84DB3D43B1BE}.Release|x86.Build.0 = Release|x86
		{0546DC46-9178-4369-9BDA-84DB3D43B1BE}.Release|x86.Deploy.0 = Release|x86
		{916905A2-A65D-4594-BE2E-428BC862D470}.Debug|Any CPU.ActiveCfg = Debug|Any CPU
		{916905A2-A65D-4594-BE2E-428BC862D470}.Debug|Any CPU.Build.0 = Debug|Any CPU
		{916905A2-A65D-4594-BE2E-428BC862D470}.Debug|ARM.ActiveCfg = Debug|Any CPU
		{916905A2-A65D-4594-BE2E-428BC862D470}.Debug|ARM.Build.0 = Debug|Any CPU
		{916905A2-A65D-4594-BE2E-428BC862D470}.Debug|arm64.ActiveCfg = Debug|arm64
		{916905A2-A65D-4594-BE2E-428BC862D470}.Debug|arm64.Build.0 = Debug|arm64
		{916905A2-A65D-4594-BE2E-428BC862D470}.Debug|x64.ActiveCfg = Debug|x64
		{916905A2-A65D-4594-BE2E-428BC862D470}.Debug|x64.Build.0 = Debug|x64
		{916905A2-A65D-4594-BE2E-428BC862D470}.Debug|x86.ActiveCfg = Debug|x86
		{916905A2-A65D-4594-BE2E-428BC862D470}.Debug|x86.Build.0 = Debug|x86
		{916905A2-A65D-4594-BE2E-428BC862D470}.Release|Any CPU.ActiveCfg = Release|Any CPU
		{916905A2-A65D-4594-BE2E-428BC862D470}.Release|Any CPU.Build.0 = Release|Any CPU
		{916905A2-A65D-4594-BE2E-428BC862D470}.Release|ARM.ActiveCfg = Release|Any CPU
		{916905A2-A65D-4594-BE2E-428BC862D470}.Release|ARM.Build.0 = Release|Any CPU
		{916905A2-A65D-4594-BE2E-428BC862D470}.Release|arm64.ActiveCfg = Release|arm64
		{916905A2-A65D-4594-BE2E-428BC862D470}.Release|arm64.Build.0 = Release|arm64
		{916905A2-A65D-4594-BE2E-428BC862D470}.Release|x64.ActiveCfg = Release|x64
		{916905A2-A65D-4594-BE2E-428BC862D470}.Release|x64.Build.0 = Release|x64
		{916905A2-A65D-4594-BE2E-428BC862D470}.Release|x86.ActiveCfg = Release|x86
		{916905A2-A65D-4594-BE2E-428BC862D470}.Release|x86.Build.0 = Release|x86
		{CE42A763-7524-4016-AB59-5506AEDD5CE5}.Debug|Any CPU.ActiveCfg = Debug|x64
		{CE42A763-7524-4016-AB59-5506AEDD5CE5}.Debug|Any CPU.Build.0 = Debug|x64
		{CE42A763-7524-4016-AB59-5506AEDD5CE5}.Debug|Any CPU.Deploy.0 = Debug|x64
		{CE42A763-7524-4016-AB59-5506AEDD5CE5}.Debug|ARM.ActiveCfg = Debug|x64
		{CE42A763-7524-4016-AB59-5506AEDD5CE5}.Debug|ARM.Build.0 = Debug|x64
		{CE42A763-7524-4016-AB59-5506AEDD5CE5}.Debug|ARM.Deploy.0 = Debug|x64
		{CE42A763-7524-4016-AB59-5506AEDD5CE5}.Debug|arm64.ActiveCfg = Debug|arm64
		{CE42A763-7524-4016-AB59-5506AEDD5CE5}.Debug|arm64.Build.0 = Debug|arm64
		{CE42A763-7524-4016-AB59-5506AEDD5CE5}.Debug|arm64.Deploy.0 = Debug|arm64
		{CE42A763-7524-4016-AB59-5506AEDD5CE5}.Debug|x64.ActiveCfg = Debug|x64
		{CE42A763-7524-4016-AB59-5506AEDD5CE5}.Debug|x64.Build.0 = Debug|x64
		{CE42A763-7524-4016-AB59-5506AEDD5CE5}.Debug|x64.Deploy.0 = Debug|x64
		{CE42A763-7524-4016-AB59-5506AEDD5CE5}.Debug|x86.ActiveCfg = Debug|x86
		{CE42A763-7524-4016-AB59-5506AEDD5CE5}.Debug|x86.Build.0 = Debug|x86
		{CE42A763-7524-4016-AB59-5506AEDD5CE5}.Debug|x86.Deploy.0 = Debug|x86
		{CE42A763-7524-4016-AB59-5506AEDD5CE5}.Release|Any CPU.ActiveCfg = Release|x64
		{CE42A763-7524-4016-AB59-5506AEDD5CE5}.Release|Any CPU.Build.0 = Release|x64
		{CE42A763-7524-4016-AB59-5506AEDD5CE5}.Release|Any CPU.Deploy.0 = Release|x64
		{CE42A763-7524-4016-AB59-5506AEDD5CE5}.Release|ARM.ActiveCfg = Release|x64
		{CE42A763-7524-4016-AB59-5506AEDD5CE5}.Release|ARM.Build.0 = Release|x64
		{CE42A763-7524-4016-AB59-5506AEDD5CE5}.Release|ARM.Deploy.0 = Release|x64
		{CE42A763-7524-4016-AB59-5506AEDD5CE5}.Release|arm64.ActiveCfg = Release|arm64
		{CE42A763-7524-4016-AB59-5506AEDD5CE5}.Release|arm64.Build.0 = Release|arm64
		{CE42A763-7524-4016-AB59-5506AEDD5CE5}.Release|arm64.Deploy.0 = Release|arm64
		{CE42A763-7524-4016-AB59-5506AEDD5CE5}.Release|x64.ActiveCfg = Release|x64
		{CE42A763-7524-4016-AB59-5506AEDD5CE5}.Release|x64.Build.0 = Release|x64
		{CE42A763-7524-4016-AB59-5506AEDD5CE5}.Release|x64.Deploy.0 = Release|x64
		{CE42A763-7524-4016-AB59-5506AEDD5CE5}.Release|x86.ActiveCfg = Release|x86
		{CE42A763-7524-4016-AB59-5506AEDD5CE5}.Release|x86.Build.0 = Release|x86
		{CE42A763-7524-4016-AB59-5506AEDD5CE5}.Release|x86.Deploy.0 = Release|x86
		{D6DC3054-45C1-4916-B579-9630DA2D9EBA}.Debug|Any CPU.ActiveCfg = Debug|x64
		{D6DC3054-45C1-4916-B579-9630DA2D9EBA}.Debug|Any CPU.Build.0 = Debug|x64
		{D6DC3054-45C1-4916-B579-9630DA2D9EBA}.Debug|Any CPU.Deploy.0 = Debug|x64
		{D6DC3054-45C1-4916-B579-9630DA2D9EBA}.Debug|ARM.ActiveCfg = Debug|x64
		{D6DC3054-45C1-4916-B579-9630DA2D9EBA}.Debug|ARM.Build.0 = Debug|x64
		{D6DC3054-45C1-4916-B579-9630DA2D9EBA}.Debug|ARM.Deploy.0 = Debug|x64
		{D6DC3054-45C1-4916-B579-9630DA2D9EBA}.Debug|arm64.ActiveCfg = Debug|arm64
		{D6DC3054-45C1-4916-B579-9630DA2D9EBA}.Debug|arm64.Build.0 = Debug|arm64
		{D6DC3054-45C1-4916-B579-9630DA2D9EBA}.Debug|arm64.Deploy.0 = Debug|arm64
		{D6DC3054-45C1-4916-B579-9630DA2D9EBA}.Debug|x64.ActiveCfg = Debug|x64
		{D6DC3054-45C1-4916-B579-9630DA2D9EBA}.Debug|x64.Build.0 = Debug|x64
		{D6DC3054-45C1-4916-B579-9630DA2D9EBA}.Debug|x64.Deploy.0 = Debug|x64
		{D6DC3054-45C1-4916-B579-9630DA2D9EBA}.Debug|x86.ActiveCfg = Debug|x86
		{D6DC3054-45C1-4916-B579-9630DA2D9EBA}.Debug|x86.Build.0 = Debug|x86
		{D6DC3054-45C1-4916-B579-9630DA2D9EBA}.Debug|x86.Deploy.0 = Debug|x86
		{D6DC3054-45C1-4916-B579-9630DA2D9EBA}.Release|Any CPU.ActiveCfg = Release|x64
		{D6DC3054-45C1-4916-B579-9630DA2D9EBA}.Release|Any CPU.Build.0 = Release|x64
		{D6DC3054-45C1-4916-B579-9630DA2D9EBA}.Release|Any CPU.Deploy.0 = Release|x64
		{D6DC3054-45C1-4916-B579-9630DA2D9EBA}.Release|ARM.ActiveCfg = Release|x64
		{D6DC3054-45C1-4916-B579-9630DA2D9EBA}.Release|ARM.Build.0 = Release|x64
		{D6DC3054-45C1-4916-B579-9630DA2D9EBA}.Release|ARM.Deploy.0 = Release|x64
		{D6DC3054-45C1-4916-B579-9630DA2D9EBA}.Release|arm64.ActiveCfg = Release|arm64
		{D6DC3054-45C1-4916-B579-9630DA2D9EBA}.Release|arm64.Build.0 = Release|arm64
		{D6DC3054-45C1-4916-B579-9630DA2D9EBA}.Release|arm64.Deploy.0 = Release|arm64
		{D6DC3054-45C1-4916-B579-9630DA2D9EBA}.Release|x64.ActiveCfg = Release|x64
		{D6DC3054-45C1-4916-B579-9630DA2D9EBA}.Release|x64.Build.0 = Release|x64
		{D6DC3054-45C1-4916-B579-9630DA2D9EBA}.Release|x64.Deploy.0 = Release|x64
		{D6DC3054-45C1-4916-B579-9630DA2D9EBA}.Release|x86.ActiveCfg = Release|x86
		{D6DC3054-45C1-4916-B579-9630DA2D9EBA}.Release|x86.Build.0 = Release|x86
		{D6DC3054-45C1-4916-B579-9630DA2D9EBA}.Release|x86.Deploy.0 = Release|x86
		{54BFFF43-7ED1-4E44-8049-C9652C3861C7}.Debug|Any CPU.ActiveCfg = Debug|x64
		{54BFFF43-7ED1-4E44-8049-C9652C3861C7}.Debug|Any CPU.Build.0 = Debug|x64
		{54BFFF43-7ED1-4E44-8049-C9652C3861C7}.Debug|Any CPU.Deploy.0 = Debug|x64
		{54BFFF43-7ED1-4E44-8049-C9652C3861C7}.Debug|ARM.ActiveCfg = Debug|x64
		{54BFFF43-7ED1-4E44-8049-C9652C3861C7}.Debug|ARM.Build.0 = Debug|x64
		{54BFFF43-7ED1-4E44-8049-C9652C3861C7}.Debug|ARM.Deploy.0 = Debug|x64
		{54BFFF43-7ED1-4E44-8049-C9652C3861C7}.Debug|arm64.ActiveCfg = Debug|arm64
		{54BFFF43-7ED1-4E44-8049-C9652C3861C7}.Debug|arm64.Build.0 = Debug|arm64
		{54BFFF43-7ED1-4E44-8049-C9652C3861C7}.Debug|arm64.Deploy.0 = Debug|arm64
		{54BFFF43-7ED1-4E44-8049-C9652C3861C7}.Debug|x64.ActiveCfg = Debug|x64
		{54BFFF43-7ED1-4E44-8049-C9652C3861C7}.Debug|x64.Build.0 = Debug|x64
		{54BFFF43-7ED1-4E44-8049-C9652C3861C7}.Debug|x64.Deploy.0 = Debug|x64
		{54BFFF43-7ED1-4E44-8049-C9652C3861C7}.Debug|x86.ActiveCfg = Debug|x86
		{54BFFF43-7ED1-4E44-8049-C9652C3861C7}.Debug|x86.Build.0 = Debug|x86
		{54BFFF43-7ED1-4E44-8049-C9652C3861C7}.Debug|x86.Deploy.0 = Debug|x86
		{54BFFF43-7ED1-4E44-8049-C9652C3861C7}.Release|Any CPU.ActiveCfg = Release|x64
		{54BFFF43-7ED1-4E44-8049-C9652C3861C7}.Release|Any CPU.Build.0 = Release|x64
		{54BFFF43-7ED1-4E44-8049-C9652C3861C7}.Release|Any CPU.Deploy.0 = Release|x64
		{54BFFF43-7ED1-4E44-8049-C9652C3861C7}.Release|ARM.ActiveCfg = Release|x64
		{54BFFF43-7ED1-4E44-8049-C9652C3861C7}.Release|ARM.Build.0 = Release|x64
		{54BFFF43-7ED1-4E44-8049-C9652C3861C7}.Release|ARM.Deploy.0 = Release|x64
		{54BFFF43-7ED1-4E44-8049-C9652C3861C7}.Release|arm64.ActiveCfg = Release|arm64
		{54BFFF43-7ED1-4E44-8049-C9652C3861C7}.Release|arm64.Build.0 = Release|arm64
		{54BFFF43-7ED1-4E44-8049-C9652C3861C7}.Release|arm64.Deploy.0 = Release|arm64
		{54BFFF43-7ED1-4E44-8049-C9652C3861C7}.Release|x64.ActiveCfg = Release|x64
		{54BFFF43-7ED1-4E44-8049-C9652C3861C7}.Release|x64.Build.0 = Release|x64
		{54BFFF43-7ED1-4E44-8049-C9652C3861C7}.Release|x64.Deploy.0 = Release|x64
		{54BFFF43-7ED1-4E44-8049-C9652C3861C7}.Release|x86.ActiveCfg = Release|x86
		{54BFFF43-7ED1-4E44-8049-C9652C3861C7}.Release|x86.Build.0 = Release|x86
		{54BFFF43-7ED1-4E44-8049-C9652C3861C7}.Release|x86.Deploy.0 = Release|x86
		{0F6D497C-44DE-4BAB-8F22-94122C74B96B}.Debug|Any CPU.ActiveCfg = Debug|Any CPU
		{0F6D497C-44DE-4BAB-8F22-94122C74B96B}.Debug|Any CPU.Build.0 = Debug|Any CPU
		{0F6D497C-44DE-4BAB-8F22-94122C74B96B}.Debug|ARM.ActiveCfg = Debug|Any CPU
		{0F6D497C-44DE-4BAB-8F22-94122C74B96B}.Debug|ARM.Build.0 = Debug|Any CPU
		{0F6D497C-44DE-4BAB-8F22-94122C74B96B}.Debug|arm64.ActiveCfg = Debug|Any CPU
		{0F6D497C-44DE-4BAB-8F22-94122C74B96B}.Debug|arm64.Build.0 = Debug|Any CPU
		{0F6D497C-44DE-4BAB-8F22-94122C74B96B}.Debug|x64.ActiveCfg = Debug|Any CPU
		{0F6D497C-44DE-4BAB-8F22-94122C74B96B}.Debug|x64.Build.0 = Debug|Any CPU
		{0F6D497C-44DE-4BAB-8F22-94122C74B96B}.Debug|x86.ActiveCfg = Debug|Any CPU
		{0F6D497C-44DE-4BAB-8F22-94122C74B96B}.Debug|x86.Build.0 = Debug|Any CPU
		{0F6D497C-44DE-4BAB-8F22-94122C74B96B}.Release|Any CPU.ActiveCfg = Release|Any CPU
		{0F6D497C-44DE-4BAB-8F22-94122C74B96B}.Release|Any CPU.Build.0 = Release|Any CPU
		{0F6D497C-44DE-4BAB-8F22-94122C74B96B}.Release|ARM.ActiveCfg = Release|Any CPU
		{0F6D497C-44DE-4BAB-8F22-94122C74B96B}.Release|ARM.Build.0 = Release|Any CPU
		{0F6D497C-44DE-4BAB-8F22-94122C74B96B}.Release|arm64.ActiveCfg = Release|Any CPU
		{0F6D497C-44DE-4BAB-8F22-94122C74B96B}.Release|arm64.Build.0 = Release|Any CPU
		{0F6D497C-44DE-4BAB-8F22-94122C74B96B}.Release|x64.ActiveCfg = Release|Any CPU
		{0F6D497C-44DE-4BAB-8F22-94122C74B96B}.Release|x64.Build.0 = Release|Any CPU
		{0F6D497C-44DE-4BAB-8F22-94122C74B96B}.Release|x86.ActiveCfg = Release|Any CPU
		{0F6D497C-44DE-4BAB-8F22-94122C74B96B}.Release|x86.Build.0 = Release|Any CPU
		{0F8C7AD9-50C3-45F7-A4D7-1B291719C52A}.Debug|Any CPU.ActiveCfg = Debug|Any CPU
		{0F8C7AD9-50C3-45F7-A4D7-1B291719C52A}.Debug|Any CPU.Build.0 = Debug|Any CPU
		{0F8C7AD9-50C3-45F7-A4D7-1B291719C52A}.Debug|ARM.ActiveCfg = Debug|Any CPU
		{0F8C7AD9-50C3-45F7-A4D7-1B291719C52A}.Debug|ARM.Build.0 = Debug|Any CPU
		{0F8C7AD9-50C3-45F7-A4D7-1B291719C52A}.Debug|arm64.ActiveCfg = Debug|Any CPU
		{0F8C7AD9-50C3-45F7-A4D7-1B291719C52A}.Debug|arm64.Build.0 = Debug|Any CPU
		{0F8C7AD9-50C3-45F7-A4D7-1B291719C52A}.Debug|x64.ActiveCfg = Debug|Any CPU
		{0F8C7AD9-50C3-45F7-A4D7-1B291719C52A}.Debug|x64.Build.0 = Debug|Any CPU
		{0F8C7AD9-50C3-45F7-A4D7-1B291719C52A}.Debug|x86.ActiveCfg = Debug|Any CPU
		{0F8C7AD9-50C3-45F7-A4D7-1B291719C52A}.Debug|x86.Build.0 = Debug|Any CPU
		{0F8C7AD9-50C3-45F7-A4D7-1B291719C52A}.Release|Any CPU.ActiveCfg = Release|Any CPU
		{0F8C7AD9-50C3-45F7-A4D7-1B291719C52A}.Release|Any CPU.Build.0 = Release|Any CPU
		{0F8C7AD9-50C3-45F7-A4D7-1B291719C52A}.Release|ARM.ActiveCfg = Release|Any CPU
		{0F8C7AD9-50C3-45F7-A4D7-1B291719C52A}.Release|ARM.Build.0 = Release|Any CPU
		{0F8C7AD9-50C3-45F7-A4D7-1B291719C52A}.Release|arm64.ActiveCfg = Release|Any CPU
		{0F8C7AD9-50C3-45F7-A4D7-1B291719C52A}.Release|arm64.Build.0 = Release|Any CPU
		{0F8C7AD9-50C3-45F7-A4D7-1B291719C52A}.Release|x64.ActiveCfg = Release|Any CPU
		{0F8C7AD9-50C3-45F7-A4D7-1B291719C52A}.Release|x64.Build.0 = Release|Any CPU
		{0F8C7AD9-50C3-45F7-A4D7-1B291719C52A}.Release|x86.ActiveCfg = Release|Any CPU
		{0F8C7AD9-50C3-45F7-A4D7-1B291719C52A}.Release|x86.Build.0 = Release|Any CPU
		{82EB6258-234C-4504-BF9D-834B008FF3F5}.Debug|Any CPU.ActiveCfg = Debug|x64
		{82EB6258-234C-4504-BF9D-834B008FF3F5}.Debug|Any CPU.Build.0 = Debug|x64
		{82EB6258-234C-4504-BF9D-834B008FF3F5}.Debug|Any CPU.Deploy.0 = Debug|x64
		{82EB6258-234C-4504-BF9D-834B008FF3F5}.Debug|ARM.ActiveCfg = Debug|x64
		{82EB6258-234C-4504-BF9D-834B008FF3F5}.Debug|ARM.Build.0 = Debug|x64
		{82EB6258-234C-4504-BF9D-834B008FF3F5}.Debug|ARM.Deploy.0 = Debug|x64
		{82EB6258-234C-4504-BF9D-834B008FF3F5}.Debug|arm64.ActiveCfg = Debug|arm64
		{82EB6258-234C-4504-BF9D-834B008FF3F5}.Debug|arm64.Build.0 = Debug|arm64
		{82EB6258-234C-4504-BF9D-834B008FF3F5}.Debug|arm64.Deploy.0 = Debug|arm64
		{82EB6258-234C-4504-BF9D-834B008FF3F5}.Debug|x64.ActiveCfg = Debug|x64
		{82EB6258-234C-4504-BF9D-834B008FF3F5}.Debug|x64.Build.0 = Debug|x64
		{82EB6258-234C-4504-BF9D-834B008FF3F5}.Debug|x64.Deploy.0 = Debug|x64
		{82EB6258-234C-4504-BF9D-834B008FF3F5}.Debug|x86.ActiveCfg = Debug|x86
		{82EB6258-234C-4504-BF9D-834B008FF3F5}.Debug|x86.Build.0 = Debug|x86
		{82EB6258-234C-4504-BF9D-834B008FF3F5}.Debug|x86.Deploy.0 = Debug|x86
		{82EB6258-234C-4504-BF9D-834B008FF3F5}.Release|Any CPU.ActiveCfg = Release|x64
		{82EB6258-234C-4504-BF9D-834B008FF3F5}.Release|Any CPU.Build.0 = Release|x64
		{82EB6258-234C-4504-BF9D-834B008FF3F5}.Release|Any CPU.Deploy.0 = Release|x64
		{82EB6258-234C-4504-BF9D-834B008FF3F5}.Release|ARM.ActiveCfg = Release|x64
		{82EB6258-234C-4504-BF9D-834B008FF3F5}.Release|ARM.Build.0 = Release|x64
		{82EB6258-234C-4504-BF9D-834B008FF3F5}.Release|ARM.Deploy.0 = Release|x64
		{82EB6258-234C-4504-BF9D-834B008FF3F5}.Release|arm64.ActiveCfg = Release|arm64
		{82EB6258-234C-4504-BF9D-834B008FF3F5}.Release|arm64.Build.0 = Release|arm64
		{82EB6258-234C-4504-BF9D-834B008FF3F5}.Release|arm64.Deploy.0 = Release|arm64
		{82EB6258-234C-4504-BF9D-834B008FF3F5}.Release|x64.ActiveCfg = Release|x64
		{82EB6258-234C-4504-BF9D-834B008FF3F5}.Release|x64.Build.0 = Release|x64
		{82EB6258-234C-4504-BF9D-834B008FF3F5}.Release|x64.Deploy.0 = Release|x64
		{82EB6258-234C-4504-BF9D-834B008FF3F5}.Release|x86.ActiveCfg = Release|x86
		{82EB6258-234C-4504-BF9D-834B008FF3F5}.Release|x86.Build.0 = Release|x86
		{82EB6258-234C-4504-BF9D-834B008FF3F5}.Release|x86.Deploy.0 = Release|x86
		{92B0097E-3913-42E5-94C6-7007A42A5E7F}.Debug|Any CPU.ActiveCfg = Debug|Any CPU
		{92B0097E-3913-42E5-94C6-7007A42A5E7F}.Debug|Any CPU.Build.0 = Debug|Any CPU
		{92B0097E-3913-42E5-94C6-7007A42A5E7F}.Debug|ARM.ActiveCfg = Debug|Any CPU
		{92B0097E-3913-42E5-94C6-7007A42A5E7F}.Debug|ARM.Build.0 = Debug|Any CPU
		{92B0097E-3913-42E5-94C6-7007A42A5E7F}.Debug|arm64.ActiveCfg = Debug|arm64
		{92B0097E-3913-42E5-94C6-7007A42A5E7F}.Debug|arm64.Build.0 = Debug|arm64
		{92B0097E-3913-42E5-94C6-7007A42A5E7F}.Debug|x64.ActiveCfg = Debug|x64
		{92B0097E-3913-42E5-94C6-7007A42A5E7F}.Debug|x64.Build.0 = Debug|x64
		{92B0097E-3913-42E5-94C6-7007A42A5E7F}.Debug|x86.ActiveCfg = Debug|x86
		{92B0097E-3913-42E5-94C6-7007A42A5E7F}.Debug|x86.Build.0 = Debug|x86
		{92B0097E-3913-42E5-94C6-7007A42A5E7F}.Release|Any CPU.ActiveCfg = Release|Any CPU
		{92B0097E-3913-42E5-94C6-7007A42A5E7F}.Release|Any CPU.Build.0 = Release|Any CPU
		{92B0097E-3913-42E5-94C6-7007A42A5E7F}.Release|ARM.ActiveCfg = Release|Any CPU
		{92B0097E-3913-42E5-94C6-7007A42A5E7F}.Release|ARM.Build.0 = Release|Any CPU
		{92B0097E-3913-42E5-94C6-7007A42A5E7F}.Release|arm64.ActiveCfg = Release|arm64
		{92B0097E-3913-42E5-94C6-7007A42A5E7F}.Release|arm64.Build.0 = Release|arm64
		{92B0097E-3913-42E5-94C6-7007A42A5E7F}.Release|x64.ActiveCfg = Release|x64
		{92B0097E-3913-42E5-94C6-7007A42A5E7F}.Release|x64.Build.0 = Release|x64
		{92B0097E-3913-42E5-94C6-7007A42A5E7F}.Release|x86.ActiveCfg = Release|x86
		{92B0097E-3913-42E5-94C6-7007A42A5E7F}.Release|x86.Build.0 = Release|x86
		{F34C380D-59DC-49F0-915F-1B046C001135}.Debug|Any CPU.ActiveCfg = Debug|x64
		{F34C380D-59DC-49F0-915F-1B046C001135}.Debug|Any CPU.Build.0 = Debug|x64
		{F34C380D-59DC-49F0-915F-1B046C001135}.Debug|Any CPU.Deploy.0 = Debug|x64
		{F34C380D-59DC-49F0-915F-1B046C001135}.Debug|ARM.ActiveCfg = Debug|x64
		{F34C380D-59DC-49F0-915F-1B046C001135}.Debug|ARM.Build.0 = Debug|x64
		{F34C380D-59DC-49F0-915F-1B046C001135}.Debug|ARM.Deploy.0 = Debug|x64
		{F34C380D-59DC-49F0-915F-1B046C001135}.Debug|arm64.ActiveCfg = Debug|arm64
		{F34C380D-59DC-49F0-915F-1B046C001135}.Debug|arm64.Build.0 = Debug|arm64
		{F34C380D-59DC-49F0-915F-1B046C001135}.Debug|arm64.Deploy.0 = Debug|arm64
		{F34C380D-59DC-49F0-915F-1B046C001135}.Debug|x64.ActiveCfg = Debug|x64
		{F34C380D-59DC-49F0-915F-1B046C001135}.Debug|x64.Build.0 = Debug|x64
		{F34C380D-59DC-49F0-915F-1B046C001135}.Debug|x64.Deploy.0 = Debug|x64
		{F34C380D-59DC-49F0-915F-1B046C001135}.Debug|x86.ActiveCfg = Debug|x86
		{F34C380D-59DC-49F0-915F-1B046C001135}.Debug|x86.Build.0 = Debug|x86
		{F34C380D-59DC-49F0-915F-1B046C001135}.Debug|x86.Deploy.0 = Debug|x86
		{F34C380D-59DC-49F0-915F-1B046C001135}.Release|Any CPU.ActiveCfg = Release|x64
		{F34C380D-59DC-49F0-915F-1B046C001135}.Release|Any CPU.Build.0 = Release|x64
		{F34C380D-59DC-49F0-915F-1B046C001135}.Release|Any CPU.Deploy.0 = Release|x64
		{F34C380D-59DC-49F0-915F-1B046C001135}.Release|ARM.ActiveCfg = Release|x64
		{F34C380D-59DC-49F0-915F-1B046C001135}.Release|ARM.Build.0 = Release|x64
		{F34C380D-59DC-49F0-915F-1B046C001135}.Release|ARM.Deploy.0 = Release|x64
		{F34C380D-59DC-49F0-915F-1B046C001135}.Release|arm64.ActiveCfg = Release|arm64
		{F34C380D-59DC-49F0-915F-1B046C001135}.Release|arm64.Build.0 = Release|arm64
		{F34C380D-59DC-49F0-915F-1B046C001135}.Release|arm64.Deploy.0 = Release|arm64
		{F34C380D-59DC-49F0-915F-1B046C001135}.Release|x64.ActiveCfg = Release|x64
		{F34C380D-59DC-49F0-915F-1B046C001135}.Release|x64.Build.0 = Release|x64
		{F34C380D-59DC-49F0-915F-1B046C001135}.Release|x64.Deploy.0 = Release|x64
		{F34C380D-59DC-49F0-915F-1B046C001135}.Release|x86.ActiveCfg = Release|x86
		{F34C380D-59DC-49F0-915F-1B046C001135}.Release|x86.Build.0 = Release|x86
		{F34C380D-59DC-49F0-915F-1B046C001135}.Release|x86.Deploy.0 = Release|x86
		{C1ECE4E8-74CB-44C6-A51A-66C194ABDF9A}.Debug|Any CPU.ActiveCfg = Debug|Any CPU
		{C1ECE4E8-74CB-44C6-A51A-66C194ABDF9A}.Debug|Any CPU.Build.0 = Debug|Any CPU
		{C1ECE4E8-74CB-44C6-A51A-66C194ABDF9A}.Debug|ARM.ActiveCfg = Debug|Any CPU
		{C1ECE4E8-74CB-44C6-A51A-66C194ABDF9A}.Debug|ARM.Build.0 = Debug|Any CPU
		{C1ECE4E8-74CB-44C6-A51A-66C194ABDF9A}.Debug|arm64.ActiveCfg = Debug|arm64
		{C1ECE4E8-74CB-44C6-A51A-66C194ABDF9A}.Debug|arm64.Build.0 = Debug|arm64
		{C1ECE4E8-74CB-44C6-A51A-66C194ABDF9A}.Debug|x64.ActiveCfg = Debug|x64
		{C1ECE4E8-74CB-44C6-A51A-66C194ABDF9A}.Debug|x64.Build.0 = Debug|x64
		{C1ECE4E8-74CB-44C6-A51A-66C194ABDF9A}.Debug|x86.ActiveCfg = Debug|x86
		{C1ECE4E8-74CB-44C6-A51A-66C194ABDF9A}.Debug|x86.Build.0 = Debug|x86
		{C1ECE4E8-74CB-44C6-A51A-66C194ABDF9A}.Release|Any CPU.ActiveCfg = Release|Any CPU
		{C1ECE4E8-74CB-44C6-A51A-66C194ABDF9A}.Release|Any CPU.Build.0 = Release|Any CPU
		{C1ECE4E8-74CB-44C6-A51A-66C194ABDF9A}.Release|ARM.ActiveCfg = Release|Any CPU
		{C1ECE4E8-74CB-44C6-A51A-66C194ABDF9A}.Release|ARM.Build.0 = Release|Any CPU
		{C1ECE4E8-74CB-44C6-A51A-66C194ABDF9A}.Release|arm64.ActiveCfg = Release|arm64
		{C1ECE4E8-74CB-44C6-A51A-66C194ABDF9A}.Release|arm64.Build.0 = Release|arm64
		{C1ECE4E8-74CB-44C6-A51A-66C194ABDF9A}.Release|x64.ActiveCfg = Release|x64
		{C1ECE4E8-74CB-44C6-A51A-66C194ABDF9A}.Release|x64.Build.0 = Release|x64
		{C1ECE4E8-74CB-44C6-A51A-66C194ABDF9A}.Release|x86.ActiveCfg = Release|x86
		{C1ECE4E8-74CB-44C6-A51A-66C194ABDF9A}.Release|x86.Build.0 = Release|x86
	EndGlobalSection
	GlobalSection(SolutionProperties) = preSolution
		HideSolutionNode = FALSE
	EndGlobalSection
	GlobalSection(NestedProjects) = preSolution
		{3B2EC6BC-6059-4DE5-8365-0977D760FC30} = {265E1F6A-7C07-4F91-8BD6-67AD7A051D74}
		{7DC8BD3B-9BF2-45D6-9242-1B3BDC1553CE} = {265E1F6A-7C07-4F91-8BD6-67AD7A051D74}
		{5B50DB0B-5E14-48B2-B416-2687E8AB0110} = {265E1F6A-7C07-4F91-8BD6-67AD7A051D74}
		{54BFFF43-7ED1-4E44-8049-C9652C3861C7} = {9E3561FB-473B-49FE-9238-BD5547252498}
		{0F6D497C-44DE-4BAB-8F22-94122C74B96B} = {9E3561FB-473B-49FE-9238-BD5547252498}
		{0F8C7AD9-50C3-45F7-A4D7-1B291719C52A} = {9E3561FB-473B-49FE-9238-BD5547252498}
	EndGlobalSection
	GlobalSection(ExtensibilityGlobals) = postSolution
		SolutionGuid = {337B2429-E5B1-4690-BD54-A3542D4EF833}
	EndGlobalSection
EndGlobal
